{
  "name": "entrega-2---bardalez-renzo",
  "version": "1.0.0",
  "lockfileVersion": 3,
  "requires": true,
  "packages": {
    "": {
      "name": "entrega-2---bardalez-renzo",
      "version": "1.0.0",
      "license": "ISC",
      "dependencies": {
        "entrega-2---bardalez-renzo": "file:"
      }
    },
    "node_modules/entrega-2---bardalez-renzo": {
      "resolved": "",
      "link": true
    }
  }
}
